
Microsoft Visual Studio Solution File, Format Version 12.00
# Visual Studio Version 17
VisualStudioVersion = 17.3.32901.215
MinimumVisualStudioVersion = 10.0.40219.1
Project("{2150E333-8FDC-42A3-9474-1A3956D46DE8}") = "src", "src", "{0C0808B7-C3E1-40BE-A09E-FEF527B0DEEF}"
EndProject
Project("{9A19103F-16F7-4668-BE54-9A1E7A4F7556}") = "Library.Web", "src\Library.Web\Library.Web.csproj", "{20CF9D08-A93A-44CA-A8A6-96D4CACF1D68}"
EndProject
Project("{2150E333-8FDC-42A3-9474-1A3956D46DE8}") = "Solution Items", "Solution Items", "{DA7AC485-28C3-448A-9106-2D298CB43D12}"
	ProjectSection(SolutionItems) = preProject
		.editorconfig = .editorconfig
	EndProjectSection
EndProject
Global
	GlobalSection(SolutionConfigurationPlatforms) = preSolution
		Debug|Any CPU = Debug|Any CPU
		Release|Any CPU = Release|Any CPU
	EndGlobalSection
	GlobalSection(ProjectConfigurationPlatforms) = postSolution
		{20CF9D08-A93A-44CA-A8A6-96D4CACF1D68}.Debug|Any CPU.ActiveCfg = Debug|Any CPU
		{20CF9D08-A93A-44CA-A8A6-96D4CACF1D68}.Debug|Any CPU.Build.0 = Debug|Any CPU
		{20CF9D08-A93A-44CA-A8A6-96D4CACF1D68}.Release|Any CPU.ActiveCfg = Release|Any CPU
		{20CF9D08-A93A-44CA-A8A6-96D4CACF1D68}.Release|Any CPU.Build.0 = Release|Any CPU
	EndGlobalSection
	GlobalSection(SolutionProperties) = preSolution
		HideSolutionNode = FALSE
	EndGlobalSection
	GlobalSection(NestedProjects) = preSolution
		{20CF9D08-A93A-44CA-A8A6-96D4CACF1D68} = {0C0808B7-C3E1-40BE-A09E-FEF527B0DEEF}
	EndGlobalSection
	GlobalSection(ExtensibilityGlobals) = postSolution
		SolutionGuid = {4B579E72-2598-470A-86B9-31B5FEF281AC}
	EndGlobalSection
EndGlobal
